
Microsoft Visual Studio Solution File, Format Version 12.00
# Visual Studio 15
VisualStudioVersion = 15.0.26430.12
MinimumVisualStudioVersion = 10.0.40219.1
Project("{FAE04EC0-301F-11D3-BF4B-00C04F79EFBC}") = "SportsStore.Domain", "SportsStore.Domain\SportsStore.Domain.csproj", "{8D217813-EF74-4832-B3A6-6A82FF4C2446}"
EndProject
Project("{FAE04EC0-301F-11D3-BF4B-00C04F79EFBC}") = "SportsStore.WebUI", "SportsStore.WebUI\SportsStore.WebUI.csproj", "{40314277-3300-4410-BDAF-CA3668B5CC3C}"
EndProject
Project("{FAE04EC0-301F-11D3-BF4B-00C04F79EFBC}") = "SportsStore.UnitTests", "SportsStore.UnitTests\SportsStore.UnitTests.csproj", "{9874FC6D-2020-4AE7-B100-E8C5791916E1}"
EndProject
Global
	GlobalSection(SolutionConfigurationPlatforms) = preSolution
		Debug|Any CPU = Debug|Any CPU
		Release|Any CPU = Release|Any CPU
	EndGlobalSection
	GlobalSection(ProjectConfigurationPlatforms) = postSolution
		{8D217813-EF74-4832-B3A6-6A82FF4C2446}.Debug|Any CPU.ActiveCfg = Debug|Any CPU
		{8D217813-EF74-4832-B3A6-6A82FF4C2446}.Debug|Any CPU.Build.0 = Debug|Any CPU
		{8D217813-EF74-4832-B3A6-6A82FF4C2446}.Release|Any CPU.ActiveCfg = Release|Any CPU
		{8D217813-EF74-4832-B3A6-6A82FF4C2446}.Release|Any CPU.Build.0 = Release|Any CPU
		{40314277-3300-4410-BDAF-CA3668B5CC3C}.Debug|Any CPU.ActiveCfg = Debug|Any CPU
		{40314277-3300-4410-BDAF-CA3668B5CC3C}.Debug|Any CPU.Build.0 = Debug|Any CPU
		{40314277-3300-4410-BDAF-CA3668B5CC3C}.Release|Any CPU.ActiveCfg = Release|Any CPU
		{40314277-3300-4410-BDAF-CA3668B5CC3C}.Release|Any CPU.Build.0 = Release|Any CPU
		{9874FC6D-2020-4AE7-B100-E8C5791916E1}.Debug|Any CPU.ActiveCfg = Debug|Any CPU
		{9874FC6D-2020-4AE7-B100-E8C5791916E1}.Debug|Any CPU.Build.0 = Debug|Any CPU
		{9874FC6D-2020-4AE7-B100-E8C5791916E1}.Release|Any CPU.ActiveCfg = Release|Any CPU
		{9874FC6D-2020-4AE7-B100-E8C5791916E1}.Release|Any CPU.Build.0 = Release|Any CPU
	EndGlobalSection
	GlobalSection(SolutionProperties) = preSolution
		HideSolutionNode = FALSE
	EndGlobalSection
EndGlobal
